
Microsoft Visual Studio Solution File, Format Version 12.00
# Visual Studio 15
VisualStudioVersion = 15.0.28010.2048
MinimumVisualStudioVersion = 10.0.40219.1
Project("{FAE04EC0-301F-11D3-BF4B-00C04F79EFBC}") = "HW14072019_WPF", "HW14072019_WPF\HW14072019_WPF.csproj", "{30F5576F-D18B-4F87-8716-57CEFC07A70C}"
EndProject
Global
	GlobalSection(SolutionConfigurationPlatforms) = preSolution
		Debug|Any CPU = Debug|Any CPU
		Release|Any CPU = Release|Any CPU
	EndGlobalSection
	GlobalSection(ProjectConfigurationPlatforms) = postSolution
		{30F5576F-D18B-4F87-8716-57CEFC07A70C}.Debug|Any CPU.ActiveCfg = Debug|Any CPU
		{30F5576F-D18B-4F87-8716-57CEFC07A70C}.Debug|Any CPU.Build.0 = Debug|Any CPU
		{30F5576F-D18B-4F87-8716-57CEFC07A70C}.Release|Any CPU.ActiveCfg = Release|Any CPU
		{30F5576F-D18B-4F87-8716-57CEFC07A70C}.Release|Any CPU.Build.0 = Release|Any CPU
	EndGlobalSection
	GlobalSection(SolutionProperties) = preSolution
		HideSolutionNode = FALSE
	EndGlobalSection
	GlobalSection(ExtensibilityGlobals) = postSolution
		SolutionGuid = {B2B43F4E-3CE7-463E-BB87-421BE277CEC3}
	EndGlobalSection
EndGlobal
